
Microsoft Visual Studio Solution File, Format Version 12.00
# Visual Studio Version 16
VisualStudioVersion = 16.0.31205.134
MinimumVisualStudioVersion = 10.0.40219.1
Project("{FAE04EC0-301F-11D3-BF4B-00C04F79EFBC}") = "API", "API.csproj", "{976B0128-405E-4CFE-9110-9CF11127E60E}"
EndProject
Global
	GlobalSection(SolutionConfigurationPlatforms) = preSolution
		Debug|Any CPU = Debug|Any CPU
		Release|Any CPU = Release|Any CPU
	EndGlobalSection
	GlobalSection(ProjectConfigurationPlatforms) = postSolution
		{976B0128-405E-4CFE-9110-9CF11127E60E}.Debug|Any CPU.ActiveCfg = Debug|Any CPU
		{976B0128-405E-4CFE-9110-9CF11127E60E}.Debug|Any CPU.Build.0 = Debug|Any CPU
		{976B0128-405E-4CFE-9110-9CF11127E60E}.Release|Any CPU.ActiveCfg = Release|Any CPU
		{976B0128-405E-4CFE-9110-9CF11127E60E}.Release|Any CPU.Build.0 = Release|Any CPU
	EndGlobalSection
	GlobalSection(SolutionProperties) = preSolution
		HideSolutionNode = FALSE
	EndGlobalSection
	GlobalSection(ExtensibilityGlobals) = postSolution
		SolutionGuid = {3770F751-7B1C-4920-B81B-189A433870E5}
	EndGlobalSection
EndGlobal
